// !$*UTF8*$!
{
	archiveVersion = 1;
	classes = {
	};
	objectVersion = 46;
	objects = {

/* Begin PBXBuildFile section */
		68BBE68C189AF02500AD1215 /* User.m in Sources */ = {isa = PBXBuildFile; fileRef = 68BBE68B189AF02500AD1215 /* User.m */; };
		68BBE68F189AF04C00AD1215 /* Chat.m in Sources */ = {isa = PBXBuildFile; fileRef = 68BBE68E189AF04C00AD1215 /* Chat.m */; };
		68BBE692189AF05F00AD1215 /* Message.m in Sources */ = {isa = PBXBuildFile; fileRef = 68BBE691189AF05F00AD1215 /* Message.m */; };
		68BBE69A189AF09A00AD1215 /* ChatCell.m in Sources */ = {isa = PBXBuildFile; fileRef = 68BBE695189AF09A00AD1215 /* ChatCell.m */; };
		68BBE69B189AF09A00AD1215 /* ChatCell.xib in Resources */ = {isa = PBXBuildFile; fileRef = 68BBE696189AF09A00AD1215 /* ChatCell.xib */; };
		68BBE69C189AF09A00AD1215 /* MessageCell.m in Sources */ = {isa = PBXBuildFile; fileRef = 68BBE698189AF09A00AD1215 /* MessageCell.m */; };
		68BBE69D189AF09A00AD1215 /* MessageCell.xib in Resources */ = {isa = PBXBuildFile; fileRef = 68BBE699189AF09A00AD1215 /* MessageCell.xib */; };
		68BBE6A1189AF0CB00AD1215 /* UIAlertView+MKBlockAdditions.m in Sources */ = {isa = PBXBuildFile; fileRef = 68BBE6A0189AF0CB00AD1215 /* UIAlertView+MKBlockAdditions.m */; };
		68BBE6A5189AF0F900AD1215 /* PaddingLabel.m in Sources */ = {isa = PBXBuildFile; fileRef = 68BBE6A4189AF0F900AD1215 /* PaddingLabel.m */; };
		68BBE6AC189AF12300AD1215 /* ChatViewController.m in Sources */ = {isa = PBXBuildFile; fileRef = 68BBE6A8189AF12300AD1215 /* ChatViewController.m */; };
		68BBE6AD189AF12300AD1215 /* ChatViewController.xib in Resources */ = {isa = PBXBuildFile; fileRef = 68BBE6A9189AF12300AD1215 /* ChatViewController.xib */; };
		68BBE6AE189AF12300AD1215 /* ViewController.m in Sources */ = {isa = PBXBuildFile; fileRef = 68BBE6AB189AF12300AD1215 /* ViewController.m */; };
		68D4DD3D17C8B84E00B71528 /* Foundation.framework in Frameworks */ = {isa = PBXBuildFile; fileRef = 68D4DD3C17C8B84E00B71528 /* Foundation.framework */; };
		68D4DD3F17C8B84E00B71528 /* CoreGraphics.framework in Frameworks */ = {isa = PBXBuildFile; fileRef = 68D4DD3E17C8B84E00B71528 /* CoreGraphics.framework */; };
		68D4DD4117C8B84E00B71528 /* UIKit.framework in Frameworks */ = {isa = PBXBuildFile; fileRef = 68D4DD4017C8B84E00B71528 /* UIKit.framework */; };
		68D4DD4917C8B84E00B71528 /* main.m in Sources */ = {isa = PBXBuildFile; fileRef = 68D4DD4817C8B84E00B71528 /* main.m */; };
		68D4DD4D17C8B84E00B71528 /* AppDelegate.m in Sources */ = {isa = PBXBuildFile; fileRef = 68D4DD4C17C8B84E00B71528 /* AppDelegate.m */; };
		68D4DD5017C8B84E00B71528 /* Main.storyboard in Resources */ = {isa = PBXBuildFile; fileRef = 68D4DD4E17C8B84E00B71528 /* Main.storyboard */; };
		68D4DD5517C8B84E00B71528 /* Images.xcassets in Resources */ = {isa = PBXBuildFile; fileRef = 68D4DD5417C8B84E00B71528 /* Images.xcassets */; };
		68D4DD7217C8BB0B00B71528 /* MultipeerConnectivity.framework in Frameworks */ = {isa = PBXBuildFile; fileRef = 68D4DD7117C8BB0B00B71528 /* MultipeerConnectivity.framework */; };
		68F796A617C91239000B90B8 /* CoreController.m in Sources */ = {isa = PBXBuildFile; fileRef = 68F796A517C91239000B90B8 /* CoreController.m */; };
/* End PBXBuildFile section */

/* Begin PBXFileReference section */
		68BBE68A189AF02500AD1215 /* User.h */ = {isa = PBXFileReference; fileEncoding = 4; lastKnownFileType = sourcecode.c.h; path = User.h; sourceTree = "<group>"; };
		68BBE68B189AF02500AD1215 /* User.m */ = {isa = PBXFileReference; fileEncoding = 4; lastKnownFileType = sourcecode.c.objc; path = User.m; sourceTree = "<group>"; };
		68BBE68D189AF04C00AD1215 /* Chat.h */ = {isa = PBXFileReference; fileEncoding = 4; lastKnownFileType = sourcecode.c.h; path = Chat.h; sourceTree = "<group>"; };
		68BBE68E189AF04C00AD1215 /* Chat.m */ = {isa = PBXFileReference; fileEncoding = 4; lastKnownFileType = sourcecode.c.objc; path = Chat.m; sourceTree = "<group>"; };
		68BBE690189AF05F00AD1215 /* Message.h */ = {isa = PBXFileReference; fileEncoding = 4; lastKnownFileType = sourcecode.c.h; path = Message.h; sourceTree = "<group>"; };
		68BBE691189AF05F00AD1215 /* Message.m */ = {isa = PBXFileReference; fileEncoding = 4; lastKnownFileType = sourcecode.c.objc; path = Message.m; sourceTree = "<group>"; };
		68BBE694189AF09A00AD1215 /* ChatCell.h */ = {isa = PBXFileReference; fileEncoding = 4; lastKnownFileType = sourcecode.c.h; path = ChatCell.h; sourceTree = "<group>"; };
		68BBE695189AF09A00AD1215 /* ChatCell.m */ = {isa = PBXFileReference; fileEncoding = 4; lastKnownFileType = sourcecode.c.objc; path = ChatCell.m; sourceTree = "<group>"; };
		68BBE696189AF09A00AD1215 /* ChatCell.xib */ = {isa = PBXFileReference; fileEncoding = 4; lastKnownFileType = file.xib; path = ChatCell.xib; sourceTree = "<group>"; };
		68BBE697189AF09A00AD1215 /* MessageCell.h */ = {isa = PBXFileReference; fileEncoding = 4; lastKnownFileType = sourcecode.c.h; path = MessageCell.h; sourceTree = "<group>"; };
		68BBE698189AF09A00AD1215 /* MessageCell.m */ = {isa = PBXFileReference; fileEncoding = 4; lastKnownFileType = sourcecode.c.objc; path = MessageCell.m; sourceTree = "<group>"; };
		68BBE699189AF09A00AD1215 /* MessageCell.xib */ = {isa = PBXFileReference; fileEncoding = 4; lastKnownFileType = file.xib; path = MessageCell.xib; sourceTree = "<group>"; };
		68BBE69F189AF0CB00AD1215 /* UIAlertView+MKBlockAdditions.h */ = {isa = PBXFileReference; fileEncoding = 4; lastKnownFileType = sourcecode.c.h; path = "UIAlertView+MKBlockAdditions.h"; sourceTree = "<group>"; };
		68BBE6A0189AF0CB00AD1215 /* UIAlertView+MKBlockAdditions.m */ = {isa = PBXFileReference; fileEncoding = 4; lastKnownFileType = sourcecode.c.objc; path = "UIAlertView+MKBlockAdditions.m"; sourceTree = "<group>"; };
		68BBE6A3189AF0F900AD1215 /* PaddingLabel.h */ = {isa = PBXFileReference; fileEncoding = 4; lastKnownFileType = sourcecode.c.h; path = PaddingLabel.h; sourceTree = "<group>"; };
		68BBE6A4189AF0F900AD1215 /* PaddingLabel.m */ = {isa = PBXFileReference; fileEncoding = 4; lastKnownFileType = sourcecode.c.objc; path = PaddingLabel.m; sourceTree = "<group>"; };
		68BBE6A7189AF12300AD1215 /* ChatViewController.h */ = {isa = PBXFileReference; fileEncoding = 4; lastKnownFileType = sourcecode.c.h; path = ChatViewController.h; sourceTree = "<group>"; };
		68BBE6A8189AF12300AD1215 /* ChatViewController.m */ = {isa = PBXFileReference; fileEncoding = 4; lastKnownFileType = sourcecode.c.objc; path = ChatViewController.m; sourceTree = "<group>"; };
		68BBE6A9189AF12300AD1215 /* ChatViewController.xib */ = {isa = PBXFileReference; fileEncoding = 4; lastKnownFileType = file.xib; path = ChatViewController.xib; sourceTree = "<group>"; };
		68BBE6AA189AF12300AD1215 /* ViewController.h */ = {isa = PBXFileReference; fileEncoding = 4; lastKnownFileType = sourcecode.c.h; path = ViewController.h; sourceTree = "<group>"; };
		68BBE6AB189AF12300AD1215 /* ViewController.m */ = {isa = PBXFileReference; fileEncoding = 4; lastKnownFileType = sourcecode.c.objc; path = ViewController.m; sourceTree = "<group>"; };
		68D4DD3917C8B84E00B71528 /* AirChat.app */ = {isa = PBXFileReference; explicitFileType = wrapper.application; includeInIndex = 0; path = AirChat.app; sourceTree = BUILT_PRODUCTS_DIR; };
		68D4DD3C17C8B84E00B71528 /* Foundation.framework */ = {isa = PBXFileReference; lastKnownFileType = wrapper.framework; name = Foundation.framework; path = System/Library/Frameworks/Foundation.framework; sourceTree = SDKROOT; };
		68D4DD3E17C8B84E00B71528 /* CoreGraphics.framework */ = {isa = PBXFileReference; lastKnownFileType = wrapper.framework; name = CoreGraphics.framework; path = System/Library/Frameworks/CoreGraphics.framework; sourceTree = SDKROOT; };
		68D4DD4017C8B84E00B71528 /* UIKit.framework */ = {isa = PBXFileReference; lastKnownFileType = wrapper.framework; name = UIKit.framework; path = System/Library/Frameworks/UIKit.framework; sourceTree = SDKROOT; };
		68D4DD4417C8B84E00B71528 /* AirChat-Info.plist */ = {isa = PBXFileReference; lastKnownFileType = text.plist.xml; path = "AirChat-Info.plist"; sourceTree = "<group>"; };
		68D4DD4817C8B84E00B71528 /* main.m */ = {isa = PBXFileReference; lastKnownFileType = sourcecode.c.objc; path = main.m; sourceTree = "<group>"; };
		68D4DD4A17C8B84E00B71528 /* AirChat-Prefix.pch */ = {isa = PBXFileReference; lastKnownFileType = sourcecode.c.h; path = "AirChat-Prefix.pch"; sourceTree = "<group>"; };
		68D4DD4B17C8B84E00B71528 /* AppDelegate.h */ = {isa = PBXFileReference; lastKnownFileType = sourcecode.c.h; path = AppDelegate.h; sourceTree = "<group>"; };
		68D4DD4C17C8B84E00B71528 /* AppDelegate.m */ = {isa = PBXFileReference; lastKnownFileType = sourcecode.c.objc; path = AppDelegate.m; sourceTree = "<group>"; };
		68D4DD4F17C8B84E00B71528 /* Base */ = {isa = PBXFileReference; lastKnownFileType = file.storyboard; name = Base; path = Base.lproj/Main.storyboard; sourceTree = "<group>"; };
		68D4DD5417C8B84E00B71528 /* Images.xcassets */ = {isa = PBXFileReference; lastKnownFileType = folder.assetcatalog; path = Images.xcassets; sourceTree = "<group>"; };
		68D4DD5B17C8B84E00B71528 /* XCTest.framework */ = {isa = PBXFileReference; lastKnownFileType = wrapper.framework; name = XCTest.framework; path = Library/Frameworks/XCTest.framework; sourceTree = DEVELOPER_DIR; };
		68D4DD7117C8BB0B00B71528 /* MultipeerConnectivity.framework */ = {isa = PBXFileReference; lastKnownFileType = wrapper.framework; name = MultipeerConnectivity.framework; path = System/Library/Frameworks/MultipeerConnectivity.framework; sourceTree = SDKROOT; };
		68F796A417C91239000B90B8 /* CoreController.h */ = {isa = PBXFileReference; fileEncoding = 4; lastKnownFileType = sourcecode.c.h; path = CoreController.h; sourceTree = "<group>"; };
		68F796A517C91239000B90B8 /* CoreController.m */ = {isa = PBXFileReference; fileEncoding = 4; lastKnownFileType = sourcecode.c.objc; path = CoreController.m; sourceTree = "<group>"; };
/* End PBXFileReference section */

/* Begin PBXFrameworksBuildPhase section */
		68D4DD3617C8B84E00B71528 /* Frameworks */ = {
			isa = PBXFrameworksBuildPhase;
			buildActionMask = 2147483647;
			files = (
				68D4DD7217C8BB0B00B71528 /* MultipeerConnectivity.framework in Frameworks */,
				68D4DD3F17C8B84E00B71528 /* CoreGraphics.framework in Frameworks */,
				68D4DD4117C8B84E00B71528 /* UIKit.framework in Frameworks */,
				68D4DD3D17C8B84E00B71528 /* Foundation.framework in Frameworks */,
			);
			runOnlyForDeploymentPostprocessing = 0;
		};
/* End PBXFrameworksBuildPhase section */

/* Begin PBXGroup section */
		68BBE689189AF01300AD1215 /* Model */ = {
			isa = PBXGroup;
			children = (
				68BBE68D189AF04C00AD1215 /* Chat.h */,
				68BBE68E189AF04C00AD1215 /* Chat.m */,
				68BBE690189AF05F00AD1215 /* Message.h */,
				68BBE691189AF05F00AD1215 /* Message.m */,
				68BBE68A189AF02500AD1215 /* User.h */,
				68BBE68B189AF02500AD1215 /* User.m */,
			);
			path = Model;
			sourceTree = "<group>";
		};
		68BBE693189AF08A00AD1215 /* Cells */ = {
			isa = PBXGroup;
			children = (
				68BBE694189AF09A00AD1215 /* ChatCell.h */,
				68BBE695189AF09A00AD1215 /* ChatCell.m */,
				68BBE696189AF09A00AD1215 /* ChatCell.xib */,
				68BBE697189AF09A00AD1215 /* MessageCell.h */,
				68BBE698189AF09A00AD1215 /* MessageCell.m */,
				68BBE699189AF09A00AD1215 /* MessageCell.xib */,
			);
			path = Cells;
			sourceTree = "<group>";
		};
		68BBE69E189AF0C000AD1215 /* Utilities */ = {
			isa = PBXGroup;
			children = (
				68BBE69F189AF0CB00AD1215 /* UIAlertView+MKBlockAdditions.h */,
				68BBE6A0189AF0CB00AD1215 /* UIAlertView+MKBlockAdditions.m */,
			);
			path = Utilities;
			sourceTree = "<group>";
		};
		68BBE6A2189AF0EE00AD1215 /* UI */ = {
			isa = PBXGroup;
			children = (
				68BBE6A3189AF0F900AD1215 /* PaddingLabel.h */,
				68BBE6A4189AF0F900AD1215 /* PaddingLabel.m */,
			);
			path = UI;
			sourceTree = "<group>";
		};
		68BBE6A6189AF11400AD1215 /* ViewControllers */ = {
			isa = PBXGroup;
			children = (
				68BBE6A7189AF12300AD1215 /* ChatViewController.h */,
				68BBE6A8189AF12300AD1215 /* ChatViewController.m */,
				68BBE6A9189AF12300AD1215 /* ChatViewController.xib */,
				68BBE6AA189AF12300AD1215 /* ViewController.h */,
				68BBE6AB189AF12300AD1215 /* ViewController.m */,
			);
			path = ViewControllers;
			sourceTree = "<group>";
		};
		68D4DD3017C8B84E00B71528 = {
			isa = PBXGroup;
			children = (
				68D4DD4217C8B84E00B71528 /* AirChat */,
				68D4DD3B17C8B84E00B71528 /* Frameworks */,
				68D4DD3A17C8B84E00B71528 /* Products */,
			);
			sourceTree = "<group>";
		};
		68D4DD3A17C8B84E00B71528 /* Products */ = {
			isa = PBXGroup;
			children = (
				68D4DD3917C8B84E00B71528 /* AirChat.app */,
			);
			name = Products;
			sourceTree = "<group>";
		};
		68D4DD3B17C8B84E00B71528 /* Frameworks */ = {
			isa = PBXGroup;
			children = (
				68D4DD7117C8BB0B00B71528 /* MultipeerConnectivity.framework */,
				68D4DD3C17C8B84E00B71528 /* Foundation.framework */,
				68D4DD3E17C8B84E00B71528 /* CoreGraphics.framework */,
				68D4DD4017C8B84E00B71528 /* UIKit.framework */,
				68D4DD5B17C8B84E00B71528 /* XCTest.framework */,
			);
			name = Frameworks;
			sourceTree = "<group>";
		};
		68D4DD4217C8B84E00B71528 /* AirChat */ = {
			isa = PBXGroup;
			children = (
				68BBE693189AF08A00AD1215 /* Cells */,
				68BBE689189AF01300AD1215 /* Model */,
				68BBE6A2189AF0EE00AD1215 /* UI */,
				68BBE69E189AF0C000AD1215 /* Utilities */,
				68BBE6A6189AF11400AD1215 /* ViewControllers */,
				68D4DD4B17C8B84E00B71528 /* AppDelegate.h */,
				68D4DD4C17C8B84E00B71528 /* AppDelegate.m */,
				68F796A417C91239000B90B8 /* CoreController.h */,
				68F796A517C91239000B90B8 /* CoreController.m */,
				68D4DD4E17C8B84E00B71528 /* Main.storyboard */,
				68D4DD5417C8B84E00B71528 /* Images.xcassets */,
				68D4DD4317C8B84E00B71528 /* Supporting Files */,
			);
			path = AirChat;
			sourceTree = "<group>";
		};
		68D4DD4317C8B84E00B71528 /* Supporting Files */ = {
			isa = PBXGroup;
			children = (
				68D4DD4417C8B84E00B71528 /* AirChat-Info.plist */,
				68D4DD4817C8B84E00B71528 /* main.m */,
				68D4DD4A17C8B84E00B71528 /* AirChat-Prefix.pch */,
			);
			name = "Supporting Files";
			sourceTree = "<group>";
		};
/* End PBXGroup section */

/* Begin PBXNativeTarget section */
		68D4DD3817C8B84E00B71528 /* AirChat */ = {
			isa = PBXNativeTarget;
			buildConfigurationList = 68D4DD6B17C8B84F00B71528 /* Build configuration list for PBXNativeTarget "AirChat" */;
			buildPhases = (
				68D4DD3517C8B84E00B71528 /* Sources */,
				68D4DD3617C8B84E00B71528 /* Frameworks */,
				68D4DD3717C8B84E00B71528 /* Resources */,
			);
			buildRules = (
			);
			dependencies = (
			);
			name = AirChat;
			productName = AirChat;
			productReference = 68D4DD3917C8B84E00B71528 /* AirChat.app */;
			productType = "com.apple.product-type.application";
		};
/* End PBXNativeTarget section */

/* Begin PBXProject section */
		68D4DD3117C8B84E00B71528 /* Project object */ = {
			isa = PBXProject;
			attributes = {
				LastUpgradeCheck = 0500;
				ORGANIZATIONNAME = "Marcello Mascia";
				TargetAttributes = {
					68D4DD3817C8B84E00B71528 = {
						DevelopmentTeam = JR47XM8H24;
					};
				};
			};
			buildConfigurationList = 68D4DD3417C8B84E00B71528 /* Build configuration list for PBXProject "AirChat" */;
			compatibilityVersion = "Xcode 3.2";
			developmentRegion = English;
			hasScannedForEncodings = 0;
			knownRegions = (
				en,
				Base,
			);
			mainGroup = 68D4DD3017C8B84E00B71528;
			productRefGroup = 68D4DD3A17C8B84E00B71528 /* Products */;
			projectDirPath = "";
			projectRoot = "";
			targets = (
				68D4DD3817C8B84E00B71528 /* AirChat */,
			);
		};
/* End PBXProject section */

/* Begin PBXResourcesBuildPhase section */
		68D4DD3717C8B84E00B71528 /* Resources */ = {
			isa = PBXResourcesBuildPhase;
			buildActionMask = 2147483647;
			files = (
				68BBE69B189AF09A00AD1215 /* ChatCell.xib in Resources */,
				68D4DD5517C8B84E00B71528 /* Images.xcassets in Resources */,
				68BBE6AD189AF12300AD1215 /* ChatViewController.xib in Resources */,
				68BBE69D189AF09A00AD1215 /* MessageCell.xib in Resources */,
				68D4DD5017C8B84E00B71528 /* Main.storyboard in Resources */,
			);
			runOnlyForDeploymentPostprocessing = 0;
		};
/* End PBXResourcesBuildPhase section */

/* Begin PBXSourcesBuildPhase section */
		68D4DD3517C8B84E00B71528 /* Sources */ = {
			isa = PBXSourcesBuildPhase;
			buildActionMask = 2147483647;
			files = (
				68BBE6AE189AF12300AD1215 /* ViewController.m in Sources */,
				68BBE6AC189AF12300AD1215 /* ChatViewController.m in Sources */,
				68BBE68F189AF04C00AD1215 /* Chat.m in Sources */,
				68BBE6A5189AF0F900AD1215 /* PaddingLabel.m in Sources */,
				68BBE68C189AF02500AD1215 /* User.m in Sources */,
				68BBE69C189AF09A00AD1215 /* MessageCell.m in Sources */,
				68BBE6A1189AF0CB00AD1215 /* UIAlertView+MKBlockAdditions.m in Sources */,
				68D4DD4D17C8B84E00B71528 /* AppDelegate.m in Sources */,
				68F796A617C91239000B90B8 /* CoreController.m in Sources */,
				68D4DD4917C8B84E00B71528 /* main.m in Sources */,
				68BBE692189AF05F00AD1215 /* Message.m in Sources */,
				68BBE69A189AF09A00AD1215 /* ChatCell.m in Sources */,
			);
			runOnlyForDeploymentPostprocessing = 0;
		};
/* End PBXSourcesBuildPhase section */

/* Begin PBXVariantGroup section */
		68D4DD4E17C8B84E00B71528 /* Main.storyboard */ = {
			isa = PBXVariantGroup;
			children = (
				68D4DD4F17C8B84E00B71528 /* Base */,
			);
			name = Main.storyboard;
			sourceTree = "<group>";
		};
/* End PBXVariantGroup section */

/* Begin XCBuildConfiguration section */
		68D4DD6917C8B84F00B71528 /* Debug */ = {
			isa = XCBuildConfiguration;
			buildSettings = {
				ALWAYS_SEARCH_USER_PATHS = NO;
				CLANG_CXX_LANGUAGE_STANDARD = "gnu++0x";
				CLANG_CXX_LIBRARY = "libc++";
				CLANG_ENABLE_MODULES = YES;
				CLANG_ENABLE_OBJC_ARC = YES;
				CLANG_WARN_BOOL_CONVERSION = YES;
				CLANG_WARN_CONSTANT_CONVERSION = YES;
				CLANG_WARN_DIRECT_OBJC_ISA_USAGE = YES_ERROR;
				CLANG_WARN_EMPTY_BODY = YES;
				CLANG_WARN_ENUM_CONVERSION = YES;
				CLANG_WARN_INT_CONVERSION = YES;
				CLANG_WARN_OBJC_ROOT_CLASS = YES_ERROR;
				CLANG_WARN__DUPLICATE_METHOD_MATCH = YES;
				COPY_PHASE_STRIP = NO;
				GCC_C_LANGUAGE_STANDARD = gnu99;
				GCC_DYNAMIC_NO_PIC = NO;
				GCC_OPTIMIZATION_LEVEL = 0;
				GCC_PREPROCESSOR_DEFINITIONS = (
					"DEBUG=1",
					"$(inherited)",
				);
				GCC_SYMBOLS_PRIVATE_EXTERN = NO;
				GCC_WARN_ABOUT_RETURN_TYPE = YES_ERROR;
				GCC_WARN_UNDECLARED_SELECTOR = YES;
				GCC_WARN_UNINITIALIZED_AUTOS = YES;
				GCC_WARN_UNUSED_FUNCTION = YES;
				GCC_WARN_UNUSED_VARIABLE = YES;
				IPHONEOS_DEPLOYMENT_TARGET = 7.0;
				SDKROOT = iphoneos;
			};
			name = Debug;
		};
		68D4DD6A17C8B84F00B71528 /* Release */ = {
			isa = XCBuildConfiguration;
			buildSettings = {
				ALWAYS_SEARCH_USER_PATHS = NO;
				CLANG_CXX_LANGUAGE_STANDARD = "gnu++0x";
				CLANG_CXX_LIBRARY = "libc++";
				CLANG_ENABLE_MODULES = YES;
				CLANG_ENABLE_OBJC_ARC = YES;
				CLANG_WARN_BOOL_CONVERSION = YES;
				CLANG_WARN_CONSTANT_CONVERSION = YES;
				CLANG_WARN_DIRECT_OBJC_ISA_USAGE = YES_ERROR;
				CLANG_WARN_EMPTY_BODY = YES;
				CLANG_WARN_ENUM_CONVERSION = YES;
				CLANG_WARN_INT_CONVERSION = YES;
				CLANG_WARN_OBJC_ROOT_CLASS = YES_ERROR;
				CLANG_WARN__DUPLICATE_METHOD_MATCH = YES;
				COPY_PHASE_STRIP = YES;
				ENABLE_NS_ASSERTIONS = NO;
				GCC_C_LANGUAGE_STANDARD = gnu99;
				GCC_WARN_ABOUT_RETURN_TYPE = YES_ERROR;
				GCC_WARN_UNDECLARED_SELECTOR = YES;
				GCC_WARN_UNINITIALIZED_AUTOS = YES;
				GCC_WARN_UNUSED_FUNCTION = YES;
				GCC_WARN_UNUSED_VARIABLE = YES;
				IPHONEOS_DEPLOYMENT_TARGET = 7.0;
				SDKROOT = iphoneos;
				VALIDATE_PRODUCT = YES;
			};
			name = Release;
		};
		68D4DD6C17C8B84F00B71528 /* Debug */ = {
			isa = XCBuildConfiguration;
			buildSettings = {
				ASSETCATALOG_COMPILER_APPICON_NAME = AppIcon;
				ASSETCATALOG_COMPILER_LAUNCHIMAGE_NAME = LaunchImage;
				CODE_SIGN_IDENTITY = "iPhone Developer";
				GCC_PRECOMPILE_PREFIX_HEADER = YES;
				GCC_PREFIX_HEADER = "AirChat/AirChat-Prefix.pch";
				INFOPLIST_FILE = "AirChat/AirChat-Info.plist";
				PRODUCT_NAME = "$(TARGET_NAME)";
				PROVISIONING_PROFILE = "";
				WRAPPER_EXTENSION = app;
			};
			name = Debug;
		};
		68D4DD6D17C8B84F00B71528 /* Release */ = {
			isa = XCBuildConfiguration;
			buildSettings = {
				ASSETCATALOG_COMPILER_APPICON_NAME = AppIcon;
				ASSETCATALOG_COMPILER_LAUNCHIMAGE_NAME = LaunchImage;
				CODE_SIGN_IDENTITY = "iPhone Developer";
				GCC_PRECOMPILE_PREFIX_HEADER = YES;
				GCC_PREFIX_HEADER = "AirChat/AirChat-Prefix.pch";
				INFOPLIST_FILE = "AirChat/AirChat-Info.plist";
				PRODUCT_NAME = "$(TARGET_NAME)";
				PROVISIONING_PROFILE = "";
				WRAPPER_EXTENSION = app;
			};
			name = Release;
		};
/* End XCBuildConfiguration section */

/* Begin XCConfigurationList section */
		68D4DD3417C8B84E00B71528 /* Build configuration list for PBXProject "AirChat" */ = {
			isa = XCConfigurationList;
			buildConfigurations = (
				68D4DD6917C8B84F00B71528 /* Debug */,
				68D4DD6A17C8B84F00B71528 /* Release */,
			);
			defaultConfigurationIsVisible = 0;
			defaultConfigurationName = Release;
		};
		68D4DD6B17C8B84F00B71528 /* Build configuration list for PBXNativeTarget "AirChat" */ = {
			isa = XCConfigurationList;
			buildConfigurations = (
				68D4DD6C17C8B84F00B71528 /* Debug */,
				68D4DD6D17C8B84F00B71528 /* Release */,
			);
			defaultConfigurationIsVisible = 0;
			defaultConfigurationName = Release;
		};
/* End XCConfigurationList section */
	};
	rootObject = 68D4DD3117C8B84E00B71528 /* Project object */;
}
